// !$*UTF8*$!
{
	archiveVersion = 1;
	classes = {
	};
	objectVersion = 50;
	objects = {

/* Begin PBXBuildFile section */
		A3D6DDD526A1FB90004429BE /* AppDelegate.swift in Sources */ = {isa = PBXBuildFile; fileRef = A3D6DDD426A1FB90004429BE /* AppDelegate.swift */; };
		A3D6DDD726A1FB90004429BE /* SceneDelegate.swift in Sources */ = {isa = PBXBuildFile; fileRef = A3D6DDD626A1FB90004429BE /* SceneDelegate.swift */; };
		A3D6DDD926A1FB90004429BE /* ViewController.swift in Sources */ = {isa = PBXBuildFile; fileRef = A3D6DDD826A1FB90004429BE /* ViewController.swift */; };
		A3D6DDDC26A1FB90004429BE /* Main.storyboard in Resources */ = {isa = PBXBuildFile; fileRef = A3D6DDDA26A1FB90004429BE /* Main.storyboard */; };
		A3D6DDDF26A1FB90004429BE /* CoreDataDemo.xcdatamodeld in Sources */ = {isa = PBXBuildFile; fileRef = A3D6DDDD26A1FB90004429BE /* CoreDataDemo.xcdatamodeld */; };
		A3D6DDE126A1FB92004429BE /* Assets.xcassets in Resources */ = {isa = PBXBuildFile; fileRef = A3D6DDE026A1FB92004429BE /* Assets.xcassets */; };
		A3D6DDE426A1FB92004429BE /* LaunchScreen.storyboard in Resources */ = {isa = PBXBuildFile; fileRef = A3D6DDE226A1FB92004429BE /* LaunchScreen.storyboard */; };
		A3D6DDED26A1FCA8004429BE /* PersistentContainer.swift in Sources */ = {isa = PBXBuildFile; fileRef = A3D6DDEC26A1FCA8004429BE /* PersistentContainer.swift */; };
		A3D6DDEF26A1FE7C004429BE /* DataManager.swift in Sources */ = {isa = PBXBuildFile; fileRef = A3D6DDEE26A1FE7C004429BE /* DataManager.swift */; };
		A3D6DDF326A20531004429BE /* StudentCell.swift in Sources */ = {isa = PBXBuildFile; fileRef = A3D6DDF126A20531004429BE /* StudentCell.swift */; };
		A3D6DDF426A20531004429BE /* StudentCell.xib in Resources */ = {isa = PBXBuildFile; fileRef = A3D6DDF226A20531004429BE /* StudentCell.xib */; };
/* End PBXBuildFile section */

/* Begin PBXFileReference section */
		A3D6DDD126A1FB90004429BE /* CoreDataDemo.app */ = {isa = PBXFileReference; explicitFileType = wrapper.application; includeInIndex = 0; path = CoreDataDemo.app; sourceTree = BUILT_PRODUCTS_DIR; };
		A3D6DDD426A1FB90004429BE /* AppDelegate.swift */ = {isa = PBXFileReference; lastKnownFileType = sourcecode.swift; path = AppDelegate.swift; sourceTree = "<group>"; };
		A3D6DDD626A1FB90004429BE /* SceneDelegate.swift */ = {isa = PBXFileReference; lastKnownFileType = sourcecode.swift; path = SceneDelegate.swift; sourceTree = "<group>"; };
		A3D6DDD826A1FB90004429BE /* ViewController.swift */ = {isa = PBXFileReference; lastKnownFileType = sourcecode.swift; path = ViewController.swift; sourceTree = "<group>"; };
		A3D6DDDB26A1FB90004429BE /* Base */ = {isa = PBXFileReference; lastKnownFileType = file.storyboard; name = Base; path = Base.lproj/Main.storyboard; sourceTree = "<group>"; };
		A3D6DDDE26A1FB90004429BE /* CoreDataDemo.xcdatamodel */ = {isa = PBXFileReference; lastKnownFileType = wrapper.xcdatamodel; path = CoreDataDemo.xcdatamodel; sourceTree = "<group>"; };
		A3D6DDE026A1FB92004429BE /* Assets.xcassets */ = {isa = PBXFileReference; lastKnownFileType = folder.assetcatalog; path = Assets.xcassets; sourceTree = "<group>"; };
		A3D6DDE326A1FB92004429BE /* Base */ = {isa = PBXFileReference; lastKnownFileType = file.storyboard; name = Base; path = Base.lproj/LaunchScreen.storyboard; sourceTree = "<group>"; };
		A3D6DDE526A1FB92004429BE /* Info.plist */ = {isa = PBXFileReference; lastKnownFileType = text.plist.xml; path = Info.plist; sourceTree = "<group>"; };
		A3D6DDEC26A1FCA8004429BE /* PersistentContainer.swift */ = {isa = PBXFileReference; lastKnownFileType = sourcecode.swift; path = PersistentContainer.swift; sourceTree = "<group>"; };
		A3D6DDEE26A1FE7C004429BE /* DataManager.swift */ = {isa = PBXFileReference; lastKnownFileType = sourcecode.swift; path = DataManager.swift; sourceTree = "<group>"; };
		A3D6DDF126A20531004429BE /* StudentCell.swift */ = {isa = PBXFileReference; lastKnownFileType = sourcecode.swift; path = StudentCell.swift; sourceTree = "<group>"; };
		A3D6DDF226A20531004429BE /* StudentCell.xib */ = {isa = PBXFileReference; lastKnownFileType = file.xib; path = StudentCell.xib; sourceTree = "<group>"; };
/* End PBXFileReference section */

/* Begin PBXFrameworksBuildPhase section */
		A3D6DDCE26A1FB90004429BE /* Frameworks */ = {
			isa = PBXFrameworksBuildPhase;
			buildActionMask = 2147483647;
			files = (
			);
			runOnlyForDeploymentPostprocessing = 0;
		};
/* End PBXFrameworksBuildPhase section */

/* Begin PBXGroup section */
		A3D6DDC826A1FB90004429BE = {
			isa = PBXGroup;
			children = (
				A3D6DDD326A1FB90004429BE /* CoreDataDemo */,
				A3D6DDD226A1FB90004429BE /* Products */,
			);
			sourceTree = "<group>";
		};
		A3D6DDD226A1FB90004429BE /* Products */ = {
			isa = PBXGroup;
			children = (
				A3D6DDD126A1FB90004429BE /* CoreDataDemo.app */,
			);
			name = Products;
			sourceTree = "<group>";
		};
		A3D6DDD326A1FB90004429BE /* CoreDataDemo */ = {
			isa = PBXGroup;
			children = (
				A3D6DDF026A20518004429BE /* CustomCell */,
				A3D6DDEB26A1FC71004429BE /* Manager */,
				A3D6DDD426A1FB90004429BE /* AppDelegate.swift */,
				A3D6DDD626A1FB90004429BE /* SceneDelegate.swift */,
				A3D6DDD826A1FB90004429BE /* ViewController.swift */,
				A3D6DDDA26A1FB90004429BE /* Main.storyboard */,
				A3D6DDE026A1FB92004429BE /* Assets.xcassets */,
				A3D6DDE226A1FB92004429BE /* LaunchScreen.storyboard */,
				A3D6DDE526A1FB92004429BE /* Info.plist */,
				A3D6DDDD26A1FB90004429BE /* CoreDataDemo.xcdatamodeld */,
			);
			path = CoreDataDemo;
			sourceTree = "<group>";
		};
		A3D6DDEB26A1FC71004429BE /* Manager */ = {
			isa = PBXGroup;
			children = (
				A3D6DDEC26A1FCA8004429BE /* PersistentContainer.swift */,
				A3D6DDEE26A1FE7C004429BE /* DataManager.swift */,
			);
			path = Manager;
			sourceTree = "<group>";
		};
		A3D6DDF026A20518004429BE /* CustomCell */ = {
			isa = PBXGroup;
			children = (
				A3D6DDF126A20531004429BE /* StudentCell.swift */,
				A3D6DDF226A20531004429BE /* StudentCell.xib */,
			);
			path = CustomCell;
			sourceTree = "<group>";
		};
/* End PBXGroup section */

/* Begin PBXNativeTarget section */
		A3D6DDD026A1FB90004429BE /* CoreDataDemo */ = {
			isa = PBXNativeTarget;
			buildConfigurationList = A3D6DDE826A1FB92004429BE /* Build configuration list for PBXNativeTarget "CoreDataDemo" */;
			buildPhases = (
				A3D6DDCD26A1FB90004429BE /* Sources */,
				A3D6DDCE26A1FB90004429BE /* Frameworks */,
				A3D6DDCF26A1FB90004429BE /* Resources */,
			);
			buildRules = (
			);
			dependencies = (
			);
			name = CoreDataDemo;
			productName = CoreDataDemo;
			productReference = A3D6DDD126A1FB90004429BE /* CoreDataDemo.app */;
			productType = "com.apple.product-type.application";
		};
/* End PBXNativeTarget section */

/* Begin PBXProject section */
		A3D6DDC926A1FB90004429BE /* Project object */ = {
			isa = PBXProject;
			attributes = {
				LastSwiftUpdateCheck = 1250;
				LastUpgradeCheck = 1250;
				TargetAttributes = {
					A3D6DDD026A1FB90004429BE = {
						CreatedOnToolsVersion = 12.5;
					};
				};
			};
			buildConfigurationList = A3D6DDCC26A1FB90004429BE /* Build configuration list for PBXProject "CoreDataDemo" */;
			compatibilityVersion = "Xcode 9.3";
			developmentRegion = en;
			hasScannedForEncodings = 0;
			knownRegions = (
				en,
				Base,
			);
			mainGroup = A3D6DDC826A1FB90004429BE;
			productRefGroup = A3D6DDD226A1FB90004429BE /* Products */;
			projectDirPath = "";
			projectRoot = "";
			targets = (
				A3D6DDD026A1FB90004429BE /* CoreDataDemo */,
			);
		};
/* End PBXProject section */

/* Begin PBXResourcesBuildPhase section */
		A3D6DDCF26A1FB90004429BE /* Resources */ = {
			isa = PBXResourcesBuildPhase;
			buildActionMask = 2147483647;
			files = (
				A3D6DDE426A1FB92004429BE /* LaunchScreen.storyboard in Resources */,
				A3D6DDE126A1FB92004429BE /* Assets.xcassets in Resources */,
				A3D6DDDC26A1FB90004429BE /* Main.storyboard in Resources */,
				A3D6DDF426A20531004429BE /* StudentCell.xib in Resources */,
			);
			runOnlyForDeploymentPostprocessing = 0;
		};
/* End PBXResourcesBuildPhase section */

/* Begin PBXSourcesBuildPhase section */
		A3D6DDCD26A1FB90004429BE /* Sources */ = {
			isa = PBXSourcesBuildPhase;
			buildActionMask = 2147483647;
			files = (
				A3D6DDD926A1FB90004429BE /* ViewController.swift in Sources */,
				A3D6DDEF26A1FE7C004429BE /* DataManager.swift in Sources */,
				A3D6DDDF26A1FB90004429BE /* CoreDataDemo.xcdatamodeld in Sources */,
				A3D6DDED26A1FCA8004429BE /* PersistentContainer.swift in Sources */,
				A3D6DDD526A1FB90004429BE /* AppDelegate.swift in Sources */,
				A3D6DDD726A1FB90004429BE /* SceneDelegate.swift in Sources */,
				A3D6DDF326A20531004429BE /* StudentCell.swift in Sources */,
			);
			runOnlyForDeploymentPostprocessing = 0;
		};
/* End PBXSourcesBuildPhase section */

/* Begin PBXVariantGroup section */
		A3D6DDDA26A1FB90004429BE /* Main.storyboard */ = {
			isa = PBXVariantGroup;
			children = (
				A3D6DDDB26A1FB90004429BE /* Base */,
			);
			name = Main.storyboard;
			sourceTree = "<group>";
		};
		A3D6DDE226A1FB92004429BE /* LaunchScreen.storyboard */ = {
			isa = PBXVariantGroup;
			children = (
				A3D6DDE326A1FB92004429BE /* Base */,
			);
			name = LaunchScreen.storyboard;
			sourceTree = "<group>";
		};
/* End PBXVariantGroup section */

/* Begin XCBuildConfiguration section */
		A3D6DDE626A1FB92004429BE /* Debug */ = {
			isa = XCBuildConfiguration;
			buildSettings = {
				ALWAYS_SEARCH_USER_PATHS = NO;
				CLANG_ANALYZER_NONNULL = YES;
				CLANG_ANALYZER_NUMBER_OBJECT_CONVERSION = YES_AGGRESSIVE;
				CLANG_CXX_LANGUAGE_STANDARD = "gnu++14";
				CLANG_CXX_LIBRARY = "libc++";
				CLANG_ENABLE_MODULES = YES;
				CLANG_ENABLE_OBJC_ARC = YES;
				CLANG_ENABLE_OBJC_WEAK = YES;
				CLANG_WARN_BLOCK_CAPTURE_AUTORELEASING = YES;
				CLANG_WARN_BOOL_CONVERSION = YES;
				CLANG_WARN_COMMA = YES;
				CLANG_WARN_CONSTANT_CONVERSION = YES;
				CLANG_WARN_DEPRECATED_OBJC_IMPLEMENTATIONS = YES;
				CLANG_WARN_DIRECT_OBJC_ISA_USAGE = YES_ERROR;
				CLANG_WARN_DOCUMENTATION_COMMENTS = YES;
				CLANG_WARN_EMPTY_BODY = YES;
				CLANG_WARN_ENUM_CONVERSION = YES;
				CLANG_WARN_INFINITE_RECURSION = YES;
				CLANG_WARN_INT_CONVERSION = YES;
				CLANG_WARN_NON_LITERAL_NULL_CONVERSION = YES;
				CLANG_WARN_OBJC_IMPLICIT_RETAIN_SELF = YES;
				CLANG_WARN_OBJC_LITERAL_CONVERSION = YES;
				CLANG_WARN_OBJC_ROOT_CLASS = YES_ERROR;
				CLANG_WARN_QUOTED_INCLUDE_IN_FRAMEWORK_HEADER = YES;
				CLANG_WARN_RANGE_LOOP_ANALYSIS = YES;
				CLANG_WARN_STRICT_PROTOTYPES = YES;
				CLANG_WARN_SUSPICIOUS_MOVE = YES;
				CLANG_WARN_UNGUARDED_AVAILABILITY = YES_AGGRESSIVE;
				CLANG_WARN_UNREACHABLE_CODE = YES;
				CLANG_WARN__DUPLICATE_METHOD_MATCH = YES;
				COPY_PHASE_STRIP = NO;
				DEBUG_INFORMATION_FORMAT = dwarf;
				ENABLE_STRICT_OBJC_MSGSEND = YES;
				ENABLE_TESTABILITY = YES;
				GCC_C_LANGUAGE_STANDARD = gnu11;
				GCC_DYNAMIC_NO_PIC = NO;
				GCC_NO_COMMON_BLOCKS = YES;
				GCC_OPTIMIZATION_LEVEL = 0;
				GCC_PREPROCESSOR_DEFINITIONS = (
					"DEBUG=1",
					"$(inherited)",
				);
				GCC_WARN_64_TO_32_BIT_CONVERSION = YES;
				GCC_WARN_ABOUT_RETURN_TYPE = YES_ERROR;
				GCC_WARN_UNDECLARED_SELECTOR = YES;
				GCC_WARN_UNINITIALIZED_AUTOS = YES_AGGRESSIVE;
				GCC_WARN_UNUSED_FUNCTION = YES;
				GCC_WARN_UNUSED_VARIABLE = YES;
				IPHONEOS_DEPLOYMENT_TARGET = 14.5;
				MTL_ENABLE_DEBUG_INFO = INCLUDE_SOURCE;
				MTL_FAST_MATH = YES;
				ONLY_ACTIVE_ARCH = YES;
				SDKROOT = iphoneos;
				SWIFT_ACTIVE_COMPILATION_CONDITIONS = DEBUG;
				SWIFT_OPTIMIZATION_LEVEL = "-Onone";
			};
			name = Debug;
		};
		A3D6DDE726A1FB92004429BE /* Release */ = {
			isa = XCBuildConfiguration;
			buildSettings = {
				ALWAYS_SEARCH_USER_PATHS = NO;
				CLANG_ANALYZER_NONNULL = YES;
				CLANG_ANALYZER_NUMBER_OBJECT_CONVERSION = YES_AGGRESSIVE;
				CLANG_CXX_LANGUAGE_STANDARD = "gnu++14";
				CLANG_CXX_LIBRARY = "libc++";
				CLANG_ENABLE_MODULES = YES;
				CLANG_ENABLE_OBJC_ARC = YES;
				CLANG_ENABLE_OBJC_WEAK = YES;
				CLANG_WARN_BLOCK_CAPTURE_AUTORELEASING = YES;
				CLANG_WARN_BOOL_CONVERSION = YES;
				CLANG_WARN_COMMA = YES;
				CLANG_WARN_CONSTANT_CONVERSION = YES;
				CLANG_WARN_DEPRECATED_OBJC_IMPLEMENTATIONS = YES;
				CLANG_WARN_DIRECT_OBJC_ISA_USAGE = YES_ERROR;
				CLANG_WARN_DOCUMENTATION_COMMENTS = YES;
				CLANG_WARN_EMPTY_BODY = YES;
				CLANG_WARN_ENUM_CONVERSION = YES;
				CLANG_WARN_INFINITE_RECURSION = YES;
				CLANG_WARN_INT_CONVERSION = YES;
				CLANG_WARN_NON_LITERAL_NULL_CONVERSION = YES;
				CLANG_WARN_OBJC_IMPLICIT_RETAIN_SELF = YES;
				CLANG_WARN_OBJC_LITERAL_CONVERSION = YES;
				CLANG_WARN_OBJC_ROOT_CLASS = YES_ERROR;
				CLANG_WARN_QUOTED_INCLUDE_IN_FRAMEWORK_HEADER = YES;
				CLANG_WARN_RANGE_LOOP_ANALYSIS = YES;
				CLANG_WARN_STRICT_PROTOTYPES = YES;
				CLANG_WARN_SUSPICIOUS_MOVE = YES;
				CLANG_WARN_UNGUARDED_AVAILABILITY = YES_AGGRESSIVE;
				CLANG_WARN_UNREACHABLE_CODE = YES;
				CLANG_WARN__DUPLICATE_METHOD_MATCH = YES;
				COPY_PHASE_STRIP = NO;
				DEBUG_INFORMATION_FORMAT = "dwarf-with-dsym";
				ENABLE_NS_ASSERTIONS = NO;
				ENABLE_STRICT_OBJC_MSGSEND = YES;
				GCC_C_LANGUAGE_STANDARD = gnu11;
				GCC_NO_COMMON_BLOCKS = YES;
				GCC_WARN_64_TO_32_BIT_CONVERSION = YES;
				GCC_WARN_ABOUT_RETURN_TYPE = YES_ERROR;
				GCC_WARN_UNDECLARED_SELECTOR = YES;
				GCC_WARN_UNINITIALIZED_AUTOS = YES_AGGRESSIVE;
				GCC_WARN_UNUSED_FUNCTION = YES;
				GCC_WARN_UNUSED_VARIABLE = YES;
				IPHONEOS_DEPLOYMENT_TARGET = 14.5;
				MTL_ENABLE_DEBUG_INFO = NO;
				MTL_FAST_MATH = YES;
				SDKROOT = iphoneos;
				SWIFT_COMPILATION_MODE = wholemodule;
				SWIFT_OPTIMIZATION_LEVEL = "-O";
				VALIDATE_PRODUCT = YES;
			};
			name = Release;
		};
		A3D6DDE926A1FB92004429BE /* Debug */ = {
			isa = XCBuildConfiguration;
			buildSettings = {
				ASSETCATALOG_COMPILER_APPICON_NAME = AppIcon;
				ASSETCATALOG_COMPILER_GLOBAL_ACCENT_COLOR_NAME = AccentColor;
				CODE_SIGN_STYLE = Automatic;
				INFOPLIST_FILE = CoreDataDemo/Info.plist;
				LD_RUNPATH_SEARCH_PATHS = (
					"$(inherited)",
					"@executable_path/Frameworks",
				);
				PRODUCT_BUNDLE_IDENTIFIER = "Karan-Vakaharia.CoreDataDemo";
				PRODUCT_NAME = "$(TARGET_NAME)";
				SWIFT_VERSION = 5.0;
				TARGETED_DEVICE_FAMILY = "1,2";
			};
			name = Debug;
		};
		A3D6DDEA26A1FB92004429BE /* Release */ = {
			isa = XCBuildConfiguration;
			buildSettings = {
				ASSETCATALOG_COMPILER_APPICON_NAME = AppIcon;
				ASSETCATALOG_COMPILER_GLOBAL_ACCENT_COLOR_NAME = AccentColor;
				CODE_SIGN_STYLE = Automatic;
				INFOPLIST_FILE = CoreDataDemo/Info.plist;
				LD_RUNPATH_SEARCH_PATHS = (
					"$(inherited)",
					"@executable_path/Frameworks",
				);
				PRODUCT_BUNDLE_IDENTIFIER = "Karan-Vakaharia.CoreDataDemo";
				PRODUCT_NAME = "$(TARGET_NAME)";
				SWIFT_VERSION = 5.0;
				TARGETED_DEVICE_FAMILY = "1,2";
			};
			name = Release;
		};
/* End XCBuildConfiguration section */

/* Begin XCConfigurationList section */
		A3D6DDCC26A1FB90004429BE /* Build configuration list for PBXProject "CoreDataDemo" */ = {
			isa = XCConfigurationList;
			buildConfigurations = (
				A3D6DDE626A1FB92004429BE /* Debug */,
				A3D6DDE726A1FB92004429BE /* Release */,
			);
			defaultConfigurationIsVisible = 0;
			defaultConfigurationName = Release;
		};
		A3D6DDE826A1FB92004429BE /* Build configuration list for PBXNativeTarget "CoreDataDemo" */ = {
			isa = XCConfigurationList;
			buildConfigurations = (
				A3D6DDE926A1FB92004429BE /* Debug */,
				A3D6DDEA26A1FB92004429BE /* Release */,
			);
			defaultConfigurationIsVisible = 0;
			defaultConfigurationName = Release;
		};
/* End XCConfigurationList section */

/* Begin XCVersionGroup section */
		A3D6DDDD26A1FB90004429BE /* CoreDataDemo.xcdatamodeld */ = {
			isa = XCVersionGroup;
			children = (
				A3D6DDDE26A1FB90004429BE /* CoreDataDemo.xcdatamodel */,
			);
			currentVersion = A3D6DDDE26A1FB90004429BE /* CoreDataDemo.xcdatamodel */;
			path = CoreDataDemo.xcdatamodeld;
			sourceTree = "<group>";
			versionGroupType = wrapper.xcdatamodel;
		};
/* End XCVersionGroup section */
	};
	rootObject = A3D6DDC926A1FB90004429BE /* Project object */;
}
